// !$*UTF8*$!
{
	archiveVersion = 1;
	classes = {
	};
	objectVersion = 48;
	objects = {

/* Begin PBXBuildFile section */
		8A2E2CCA2150A86D00F4D5D3 /* PaymentViewController.m in Sources */ = {isa = PBXBuildFile; fileRef = 8A2E2CC92150A86D00F4D5D3 /* PaymentViewController.m */; };
		8A4861022070E1AA00CB9E8F /* ContactMainViewController.m in Sources */ = {isa = PBXBuildFile; fileRef = 8A4861012070E1AA00CB9E8F /* ContactMainViewController.m */; settings = {COMPILER_FLAGS = "-fno-objc-arc"; }; };
		8A4861052070E2AE00CB9E8F /* ContactsTableViewController.m in Sources */ = {isa = PBXBuildFile; fileRef = 8A4861042070E2AE00CB9E8F /* ContactsTableViewController.m */; settings = {COMPILER_FLAGS = "-fno-objc-arc"; }; };
		8A48610A2071291600CB9E8F /* ABFContactViewController.m in Sources */ = {isa = PBXBuildFile; fileRef = 8A4861092071291600CB9E8F /* ABFContactViewController.m */; settings = {COMPILER_FLAGS = "-fno-objc-arc"; }; };
		8A48610D20712B0A00CB9E8F /* AddressBook.framework in Frameworks */ = {isa = PBXBuildFile; fileRef = 8A48610C20712B0A00CB9E8F /* AddressBook.framework */; };
		8A64085620AAB0220056736B /* APIViewController.m in Sources */ = {isa = PBXBuildFile; fileRef = 8A64085520AAB0220056736B /* APIViewController.m */; };
		8AA7B0C420EDD3090032C746 /* SecurityViewController.m in Sources */ = {isa = PBXBuildFile; fileRef = 8AA7B0C320EDD3090032C746 /* SecurityViewController.m */; };
		8AB419DC21B5175D008E8B15 /* Encryptor.m in Sources */ = {isa = PBXBuildFile; fileRef = 8AB419DB21B5175D008E8B15 /* Encryptor.m */; };
		8AB419DF21B669F6008E8B15 /* RSA.m in Sources */ = {isa = PBXBuildFile; fileRef = 8AB419DD21B669F5008E8B15 /* RSA.m */; };
		8DAC21DD11F5FF568C6CAC2C /* libPods-SelfLearningUITests.a in Frameworks */ = {isa = PBXBuildFile; fileRef = B1C42E787FD17AFF9529668A /* libPods-SelfLearningUITests.a */; };
		B4EF9EFBAD6CE53722857CA7 /* libPods-SelfLearningTests.a in Frameworks */ = {isa = PBXBuildFile; fileRef = 1697491598245BB1CB84E535 /* libPods-SelfLearningTests.a */; };
		D13C4E152B815546776890A4 /* libPods-SelfLearning.a in Frameworks */ = {isa = PBXBuildFile; fileRef = 94CCB6AAD2F9F01F64193E02 /* libPods-SelfLearning.a */; };
		E53F5B142080A03B00C76D30 /* GoogleService-Info.plist in Resources */ = {isa = PBXBuildFile; fileRef = E53F5B132080A03A00C76D30 /* GoogleService-Info.plist */; };
		E53F5B152080A03B00C76D30 /* GoogleService-Info.plist in Resources */ = {isa = PBXBuildFile; fileRef = E53F5B132080A03A00C76D30 /* GoogleService-Info.plist */; };
		E53F5B162080A03B00C76D30 /* GoogleService-Info.plist in Resources */ = {isa = PBXBuildFile; fileRef = E53F5B132080A03A00C76D30 /* GoogleService-Info.plist */; };
		E5462C282085F2C800A81DD5 /* ProtobufMain.m in Sources */ = {isa = PBXBuildFile; fileRef = E5462C272085F2C800A81DD5 /* ProtobufMain.m */; settings = {COMPILER_FLAGS = "-fno-objc-arc"; }; };
		E5462C312085FEF800A81DD5 /* Profiles.pbobjc.m in Sources */ = {isa = PBXBuildFile; fileRef = E5462C2F2085FEF800A81DD5 /* Profiles.pbobjc.m */; settings = {COMPILER_FLAGS = "-fno-objc-arc"; }; };
		E5955707206E51E9008D5A3C /* AppDelegate.m in Sources */ = {isa = PBXBuildFile; fileRef = E5955706206E51E9008D5A3C /* AppDelegate.m */; settings = {COMPILER_FLAGS = "-fno-objc-arc"; }; };
		E595570A206E51E9008D5A3C /* ViewController.m in Sources */ = {isa = PBXBuildFile; fileRef = E5955709206E51E9008D5A3C /* ViewController.m */; settings = {COMPILER_FLAGS = "-fno-objc-arc"; }; };
		E595570D206E51E9008D5A3C /* Main.storyboard in Resources */ = {isa = PBXBuildFile; fileRef = E595570B206E51E9008D5A3C /* Main.storyboard */; };
		E595570F206E51E9008D5A3C /* Assets.xcassets in Resources */ = {isa = PBXBuildFile; fileRef = E595570E206E51E9008D5A3C /* Assets.xcassets */; };
		E5955712206E51E9008D5A3C /* LaunchScreen.storyboard in Resources */ = {isa = PBXBuildFile; fileRef = E5955710206E51E9008D5A3C /* LaunchScreen.storyboard */; };
		E5955715206E51E9008D5A3C /* main.m in Sources */ = {isa = PBXBuildFile; fileRef = E5955714206E51E9008D5A3C /* main.m */; settings = {COMPILER_FLAGS = "-fno-objc-arc"; }; };
		E595571F206E51E9008D5A3C /* SelfLearningTests.m in Sources */ = {isa = PBXBuildFile; fileRef = E595571E206E51E9008D5A3C /* SelfLearningTests.m */; };
		E595572A206E51E9008D5A3C /* SelfLearningUITests.m in Sources */ = {isa = PBXBuildFile; fileRef = E5955729206E51E9008D5A3C /* SelfLearningUITests.m */; };
		E5DE2FB7207C928700222464 /* YapdbVC.m in Sources */ = {isa = PBXBuildFile; fileRef = E5DE2FB6207C928700222464 /* YapdbVC.m */; settings = {COMPILER_FLAGS = "-fno-objc-arc"; }; };
/* End PBXBuildFile section */

/* Begin PBXContainerItemProxy section */
		E595571B206E51E9008D5A3C /* PBXContainerItemProxy */ = {
			isa = PBXContainerItemProxy;
			containerPortal = E59556FA206E51E8008D5A3C /* Project object */;
			proxyType = 1;
			remoteGlobalIDString = E5955701206E51E9008D5A3C;
			remoteInfo = SelfLearning;
		};
		E5955726206E51E9008D5A3C /* PBXContainerItemProxy */ = {
			isa = PBXContainerItemProxy;
			containerPortal = E59556FA206E51E8008D5A3C /* Project object */;
			proxyType = 1;
			remoteGlobalIDString = E5955701206E51E9008D5A3C;
			remoteInfo = SelfLearning;
		};
/* End PBXContainerItemProxy section */

/* Begin PBXFileReference section */
		1697491598245BB1CB84E535 /* libPods-SelfLearningTests.a */ = {isa = PBXFileReference; explicitFileType = archive.ar; includeInIndex = 0; path = "libPods-SelfLearningTests.a"; sourceTree = BUILT_PRODUCTS_DIR; };
		3C5951CB31DB3D1806053F17 /* Pods-SelfLearning.release.xcconfig */ = {isa = PBXFileReference; includeInIndex = 1; lastKnownFileType = text.xcconfig; name = "Pods-SelfLearning.release.xcconfig"; path = "Pods/Target Support Files/Pods-SelfLearning/Pods-SelfLearning.release.xcconfig"; sourceTree = "<group>"; };
		59B537A1C12B65BE473FB9CD /* Pods-SelfLearningTests.release.xcconfig */ = {isa = PBXFileReference; includeInIndex = 1; lastKnownFileType = text.xcconfig; name = "Pods-SelfLearningTests.release.xcconfig"; path = "Pods/Target Support Files/Pods-SelfLearningTests/Pods-SelfLearningTests.release.xcconfig"; sourceTree = "<group>"; };
		7CD1CFB638DCB8BB44D8BD96 /* Pods-SelfLearningUITests.debug.xcconfig */ = {isa = PBXFileReference; includeInIndex = 1; lastKnownFileType = text.xcconfig; name = "Pods-SelfLearningUITests.debug.xcconfig"; path = "Pods/Target Support Files/Pods-SelfLearningUITests/Pods-SelfLearningUITests.debug.xcconfig"; sourceTree = "<group>"; };
		8A2E2CC82150A86D00F4D5D3 /* PaymentViewController.h */ = {isa = PBXFileReference; lastKnownFileType = sourcecode.c.h; path = PaymentViewController.h; sourceTree = "<group>"; };
		8A2E2CC92150A86D00F4D5D3 /* PaymentViewController.m */ = {isa = PBXFileReference; lastKnownFileType = sourcecode.c.objc; path = PaymentViewController.m; sourceTree = "<group>"; };
		8A2E2CCB2150B6A900F4D5D3 /* SelfLearning.entitlements */ = {isa = PBXFileReference; lastKnownFileType = text.plist.entitlements; path = SelfLearning.entitlements; sourceTree = "<group>"; };
		8A4861002070E1AA00CB9E8F /* ContactMainViewController.h */ = {isa = PBXFileReference; lastKnownFileType = sourcecode.c.h; path = ContactMainViewController.h; sourceTree = "<group>"; };
		8A4861012070E1AA00CB9E8F /* ContactMainViewController.m */ = {isa = PBXFileReference; lastKnownFileType = sourcecode.c.objc; path = ContactMainViewController.m; sourceTree = "<group>"; };
		8A4861032070E2AE00CB9E8F /* ContactsTableViewController.h */ = {isa = PBXFileReference; lastKnownFileType = sourcecode.c.h; path = ContactsTableViewController.h; sourceTree = "<group>"; };
		8A4861042070E2AE00CB9E8F /* ContactsTableViewController.m */ = {isa = PBXFileReference; lastKnownFileType = sourcecode.c.objc; path = ContactsTableViewController.m; sourceTree = "<group>"; };
		8A4861082071291600CB9E8F /* ABFContactViewController.h */ = {isa = PBXFileReference; lastKnownFileType = sourcecode.c.h; path = ABFContactViewController.h; sourceTree = "<group>"; };
		8A4861092071291600CB9E8F /* ABFContactViewController.m */ = {isa = PBXFileReference; lastKnownFileType = sourcecode.c.objc; path = ABFContactViewController.m; sourceTree = "<group>"; };
		8A48610C20712B0A00CB9E8F /* AddressBook.framework */ = {isa = PBXFileReference; lastKnownFileType = wrapper.framework; name = AddressBook.framework; path = System/Library/Frameworks/AddressBook.framework; sourceTree = SDKROOT; };
		8A64085420AAB0220056736B /* APIViewController.h */ = {isa = PBXFileReference; lastKnownFileType = sourcecode.c.h; path = APIViewController.h; sourceTree = "<group>"; };
		8A64085520AAB0220056736B /* APIViewController.m */ = {isa = PBXFileReference; lastKnownFileType = sourcecode.c.objc; path = APIViewController.m; sourceTree = "<group>"; };
		8AA7B0C220EDD3090032C746 /* SecurityViewController.h */ = {isa = PBXFileReference; lastKnownFileType = sourcecode.c.h; path = SecurityViewController.h; sourceTree = "<group>"; };
		8AA7B0C320EDD3090032C746 /* SecurityViewController.m */ = {isa = PBXFileReference; lastKnownFileType = sourcecode.c.objc; path = SecurityViewController.m; sourceTree = "<group>"; };
		8AB419DA21B5175D008E8B15 /* Encryptor.h */ = {isa = PBXFileReference; lastKnownFileType = sourcecode.c.h; path = Encryptor.h; sourceTree = "<group>"; };
		8AB419DB21B5175D008E8B15 /* Encryptor.m */ = {isa = PBXFileReference; lastKnownFileType = sourcecode.c.objc; path = Encryptor.m; sourceTree = "<group>"; };
		8AB419DD21B669F5008E8B15 /* RSA.m */ = {isa = PBXFileReference; fileEncoding = 4; lastKnownFileType = sourcecode.c.objc; path = RSA.m; sourceTree = "<group>"; };
		8AB419DE21B669F6008E8B15 /* RSA.h */ = {isa = PBXFileReference; fileEncoding = 4; lastKnownFileType = sourcecode.c.h; path = RSA.h; sourceTree = "<group>"; };
		94CCB6AAD2F9F01F64193E02 /* libPods-SelfLearning.a */ = {isa = PBXFileReference; explicitFileType = archive.ar; includeInIndex = 0; path = "libPods-SelfLearning.a"; sourceTree = BUILT_PRODUCTS_DIR; };
		B1C42E787FD17AFF9529668A /* libPods-SelfLearningUITests.a */ = {isa = PBXFileReference; explicitFileType = archive.ar; includeInIndex = 0; path = "libPods-SelfLearningUITests.a"; sourceTree = BUILT_PRODUCTS_DIR; };
		B2817FD926DE763312275449 /* Pods-SelfLearning.debug.xcconfig */ = {isa = PBXFileReference; includeInIndex = 1; lastKnownFileType = text.xcconfig; name = "Pods-SelfLearning.debug.xcconfig"; path = "Pods/Target Support Files/Pods-SelfLearning/Pods-SelfLearning.debug.xcconfig"; sourceTree = "<group>"; };
		BD20EF0889564143FA38E38A /* Pods-SelfLearningUITests.release.xcconfig */ = {isa = PBXFileReference; includeInIndex = 1; lastKnownFileType = text.xcconfig; name = "Pods-SelfLearningUITests.release.xcconfig"; path = "Pods/Target Support Files/Pods-SelfLearningUITests/Pods-SelfLearningUITests.release.xcconfig"; sourceTree = "<group>"; };
		E53F5B132080A03A00C76D30 /* GoogleService-Info.plist */ = {isa = PBXFileReference; fileEncoding = 4; lastKnownFileType = text.plist.xml; path = "GoogleService-Info.plist"; sourceTree = "<group>"; };
		E5462C262085F2C800A81DD5 /* ProtobufMain.h */ = {isa = PBXFileReference; lastKnownFileType = sourcecode.c.h; path = ProtobufMain.h; sourceTree = "<group>"; };
		E5462C272085F2C800A81DD5 /* ProtobufMain.m */ = {isa = PBXFileReference; lastKnownFileType = sourcecode.c.objc; path = ProtobufMain.m; sourceTree = "<group>"; };
		E5462C2F2085FEF800A81DD5 /* Profiles.pbobjc.m */ = {isa = PBXFileReference; fileEncoding = 4; lastKnownFileType = sourcecode.c.objc; path = Profiles.pbobjc.m; sourceTree = "<group>"; };
		E5462C302085FEF800A81DD5 /* Profiles.pbobjc.h */ = {isa = PBXFileReference; fileEncoding = 4; lastKnownFileType = sourcecode.c.h; path = Profiles.pbobjc.h; sourceTree = "<group>"; };
		E5955702206E51E9008D5A3C /* SelfLearning.app */ = {isa = PBXFileReference; explicitFileType = wrapper.application; includeInIndex = 0; path = SelfLearning.app; sourceTree = BUILT_PRODUCTS_DIR; };
		E5955705206E51E9008D5A3C /* AppDelegate.h */ = {isa = PBXFileReference; lastKnownFileType = sourcecode.c.h; path = AppDelegate.h; sourceTree = "<group>"; };
		E5955706206E51E9008D5A3C /* AppDelegate.m */ = {isa = PBXFileReference; lastKnownFileType = sourcecode.c.objc; path = AppDelegate.m; sourceTree = "<group>"; };
		E5955708206E51E9008D5A3C /* ViewController.h */ = {isa = PBXFileReference; lastKnownFileType = sourcecode.c.h; path = ViewController.h; sourceTree = "<group>"; };
		E5955709206E51E9008D5A3C /* ViewController.m */ = {isa = PBXFileReference; lastKnownFileType = sourcecode.c.objc; path = ViewController.m; sourceTree = "<group>"; };
		E595570C206E51E9008D5A3C /* Base */ = {isa = PBXFileReference; lastKnownFileType = file.storyboard; name = Base; path = Base.lproj/Main.storyboard; sourceTree = "<group>"; };
		E595570E206E51E9008D5A3C /* Assets.xcassets */ = {isa = PBXFileReference; lastKnownFileType = folder.assetcatalog; path = Assets.xcassets; sourceTree = "<group>"; };
		E5955711206E51E9008D5A3C /* Base */ = {isa = PBXFileReference; lastKnownFileType = file.storyboard; name = Base; path = Base.lproj/LaunchScreen.storyboard; sourceTree = "<group>"; };
		E5955713206E51E9008D5A3C /* Info.plist */ = {isa = PBXFileReference; lastKnownFileType = text.plist.xml; path = Info.plist; sourceTree = "<group>"; };
		E5955714206E51E9008D5A3C /* main.m */ = {isa = PBXFileReference; lastKnownFileType = sourcecode.c.objc; path = main.m; sourceTree = "<group>"; };
		E595571A206E51E9008D5A3C /* SelfLearningTests.xctest */ = {isa = PBXFileReference; explicitFileType = wrapper.cfbundle; includeInIndex = 0; path = SelfLearningTests.xctest; sourceTree = BUILT_PRODUCTS_DIR; };
		E595571E206E51E9008D5A3C /* SelfLearningTests.m */ = {isa = PBXFileReference; lastKnownFileType = sourcecode.c.objc; path = SelfLearningTests.m; sourceTree = "<group>"; };
		E5955720206E51E9008D5A3C /* Info.plist */ = {isa = PBXFileReference; lastKnownFileType = text.plist.xml; path = Info.plist; sourceTree = "<group>"; };
		E5955725206E51E9008D5A3C /* SelfLearningUITests.xctest */ = {isa = PBXFileReference; explicitFileType = wrapper.cfbundle; includeInIndex = 0; path = SelfLearningUITests.xctest; sourceTree = BUILT_PRODUCTS_DIR; };
		E5955729206E51E9008D5A3C /* SelfLearningUITests.m */ = {isa = PBXFileReference; lastKnownFileType = sourcecode.c.objc; path = SelfLearningUITests.m; sourceTree = "<group>"; };
		E595572B206E51E9008D5A3C /* Info.plist */ = {isa = PBXFileReference; lastKnownFileType = text.plist.xml; path = Info.plist; sourceTree = "<group>"; };
		E5DE2FB5207C928700222464 /* YapdbVC.h */ = {isa = PBXFileReference; lastKnownFileType = sourcecode.c.h; path = YapdbVC.h; sourceTree = "<group>"; };
		E5DE2FB6207C928700222464 /* YapdbVC.m */ = {isa = PBXFileReference; lastKnownFileType = sourcecode.c.objc; path = YapdbVC.m; sourceTree = "<group>"; };
		E6050F92C961EEF7DA7B2F9F /* Pods-SelfLearningTests.debug.xcconfig */ = {isa = PBXFileReference; includeInIndex = 1; lastKnownFileType = text.xcconfig; name = "Pods-SelfLearningTests.debug.xcconfig"; path = "Pods/Target Support Files/Pods-SelfLearningTests/Pods-SelfLearningTests.debug.xcconfig"; sourceTree = "<group>"; };
/* End PBXFileReference section */

/* Begin PBXFrameworksBuildPhase section */
		E59556FF206E51E9008D5A3C /* Frameworks */ = {
			isa = PBXFrameworksBuildPhase;
			buildActionMask = 2147483647;
			files = (
				8A48610D20712B0A00CB9E8F /* AddressBook.framework in Frameworks */,
				D13C4E152B815546776890A4 /* libPods-SelfLearning.a in Frameworks */,
			);
			runOnlyForDeploymentPostprocessing = 0;
		};
		E5955717206E51E9008D5A3C /* Frameworks */ = {
			isa = PBXFrameworksBuildPhase;
			buildActionMask = 2147483647;
			files = (
				B4EF9EFBAD6CE53722857CA7 /* libPods-SelfLearningTests.a in Frameworks */,
			);
			runOnlyForDeploymentPostprocessing = 0;
		};
		E5955722206E51E9008D5A3C /* Frameworks */ = {
			isa = PBXFrameworksBuildPhase;
			buildActionMask = 2147483647;
			files = (
				8DAC21DD11F5FF568C6CAC2C /* libPods-SelfLearningUITests.a in Frameworks */,
			);
			runOnlyForDeploymentPostprocessing = 0;
		};
/* End PBXFrameworksBuildPhase section */

/* Begin PBXGroup section */
		89B67A502783BEF38D403FB3 /* Pods */ = {
			isa = PBXGroup;
			children = (
				B2817FD926DE763312275449 /* Pods-SelfLearning.debug.xcconfig */,
				3C5951CB31DB3D1806053F17 /* Pods-SelfLearning.release.xcconfig */,
				E6050F92C961EEF7DA7B2F9F /* Pods-SelfLearningTests.debug.xcconfig */,
				59B537A1C12B65BE473FB9CD /* Pods-SelfLearningTests.release.xcconfig */,
				7CD1CFB638DCB8BB44D8BD96 /* Pods-SelfLearningUITests.debug.xcconfig */,
				BD20EF0889564143FA38E38A /* Pods-SelfLearningUITests.release.xcconfig */,
			);
			name = Pods;
			sourceTree = "<group>";
		};
		8A2E2CC72150A83D00F4D5D3 /* Payment  */ = {
			isa = PBXGroup;
			children = (
				8A2E2CC82150A86D00F4D5D3 /* PaymentViewController.h */,
				8A2E2CC92150A86D00F4D5D3 /* PaymentViewController.m */,
			);
			name = "Payment ";
			sourceTree = "<group>";
		};
		8A4860FC2070DF8E00CB9E8F /* Contacts */ = {
			isa = PBXGroup;
			children = (
				8A4861002070E1AA00CB9E8F /* ContactMainViewController.h */,
				8A4861012070E1AA00CB9E8F /* ContactMainViewController.m */,
				8A4861032070E2AE00CB9E8F /* ContactsTableViewController.h */,
				8A4861042070E2AE00CB9E8F /* ContactsTableViewController.m */,
				8A4861082071291600CB9E8F /* ABFContactViewController.h */,
				8A4861092071291600CB9E8F /* ABFContactViewController.m */,
			);
			name = Contacts;
			sourceTree = "<group>";
		};
		8A48610B20712B0A00CB9E8F /* Frameworks */ = {
			isa = PBXGroup;
			children = (
				8A48610C20712B0A00CB9E8F /* AddressBook.framework */,
				94CCB6AAD2F9F01F64193E02 /* libPods-SelfLearning.a */,
				1697491598245BB1CB84E535 /* libPods-SelfLearningTests.a */,
				B1C42E787FD17AFF9529668A /* libPods-SelfLearningUITests.a */,
			);
			name = Frameworks;
			sourceTree = "<group>";
		};
		8A64085320AAAFBA0056736B /* API */ = {
			isa = PBXGroup;
			children = (
				8A64085420AAB0220056736B /* APIViewController.h */,
				8A64085520AAB0220056736B /* APIViewController.m */,
			);
			path = API;
			sourceTree = "<group>";
		};
		8AA7B0C120EDD2D50032C746 /* Security */ = {
			isa = PBXGroup;
			children = (
				8AB419DE21B669F6008E8B15 /* RSA.h */,
				8AB419DD21B669F5008E8B15 /* RSA.m */,
				8AA7B0C220EDD3090032C746 /* SecurityViewController.h */,
				8AA7B0C320EDD3090032C746 /* SecurityViewController.m */,
				8AB419DA21B5175D008E8B15 /* Encryptor.h */,
				8AB419DB21B5175D008E8B15 /* Encryptor.m */,
			);
			path = Security;
			sourceTree = "<group>";
		};
		E5462C252085F0D600A81DD5 /* Protobuf */ = {
			isa = PBXGroup;
			children = (
				E5462C302085FEF800A81DD5 /* Profiles.pbobjc.h */,
				E5462C2F2085FEF800A81DD5 /* Profiles.pbobjc.m */,
				E5462C262085F2C800A81DD5 /* ProtobufMain.h */,
				E5462C272085F2C800A81DD5 /* ProtobufMain.m */,
			);
			path = Protobuf;
			sourceTree = "<group>";
		};
		E59556F9206E51E8008D5A3C = {
			isa = PBXGroup;
			children = (
				E5955704206E51E9008D5A3C /* SelfLearning */,
				E595571D206E51E9008D5A3C /* SelfLearningTests */,
				E5955728206E51E9008D5A3C /* SelfLearningUITests */,
				E5955703206E51E9008D5A3C /* Products */,
				8A48610B20712B0A00CB9E8F /* Frameworks */,
				89B67A502783BEF38D403FB3 /* Pods */,
			);
			sourceTree = "<group>";
		};
		E5955703206E51E9008D5A3C /* Products */ = {
			isa = PBXGroup;
			children = (
				E5955702206E51E9008D5A3C /* SelfLearning.app */,
				E595571A206E51E9008D5A3C /* SelfLearningTests.xctest */,
				E5955725206E51E9008D5A3C /* SelfLearningUITests.xctest */,
			);
			name = Products;
			sourceTree = "<group>";
		};
		E5955704206E51E9008D5A3C /* SelfLearning */ = {
			isa = PBXGroup;
			children = (
				8A2E2CCB2150B6A900F4D5D3 /* SelfLearning.entitlements */,
				8A2E2CC72150A83D00F4D5D3 /* Payment  */,
				8AA7B0C120EDD2D50032C746 /* Security */,
				8A64085320AAAFBA0056736B /* API */,
				E5462C252085F0D600A81DD5 /* Protobuf */,
				E5DE2FB0207C91B200222464 /* Yapdb */,
				8A4860FC2070DF8E00CB9E8F /* Contacts */,
				E5955708206E51E9008D5A3C /* ViewController.h */,
				E5955709206E51E9008D5A3C /* ViewController.m */,
				E5955705206E51E9008D5A3C /* AppDelegate.h */,
				E5955706206E51E9008D5A3C /* AppDelegate.m */,
				E595570B206E51E9008D5A3C /* Main.storyboard */,
				E595570E206E51E9008D5A3C /* Assets.xcassets */,
				E5955710206E51E9008D5A3C /* LaunchScreen.storyboard */,
				E5955713206E51E9008D5A3C /* Info.plist */,
				E53F5B132080A03A00C76D30 /* GoogleService-Info.plist */,
				E5955714206E51E9008D5A3C /* main.m */,
			);
			path = SelfLearning;
			sourceTree = "<group>";
		};
		E595571D206E51E9008D5A3C /* SelfLearningTests */ = {
			isa = PBXGroup;
			children = (
				E595571E206E51E9008D5A3C /* SelfLearningTests.m */,
				E5955720206E51E9008D5A3C /* Info.plist */,
			);
			path = SelfLearningTests;
			sourceTree = "<group>";
		};
		E5955728206E51E9008D5A3C /* SelfLearningUITests */ = {
			isa = PBXGroup;
			children = (
				E5955729206E51E9008D5A3C /* SelfLearningUITests.m */,
				E595572B206E51E9008D5A3C /* Info.plist */,
			);
			path = SelfLearningUITests;
			sourceTree = "<group>";
		};
		E5DE2FB0207C91B200222464 /* Yapdb */ = {
			isa = PBXGroup;
			children = (
				E5DE2FB5207C928700222464 /* YapdbVC.h */,
				E5DE2FB6207C928700222464 /* YapdbVC.m */,
			);
			path = Yapdb;
			sourceTree = "<group>";
		};
/* End PBXGroup section */

/* Begin PBXNativeTarget section */
		E5955701206E51E9008D5A3C /* SelfLearning */ = {
			isa = PBXNativeTarget;
			buildConfigurationList = E595572E206E51E9008D5A3C /* Build configuration list for PBXNativeTarget "SelfLearning" */;
			buildPhases = (
				639F954781415BA9095912A3 /* [CP] Check Pods Manifest.lock */,
				E59556FE206E51E9008D5A3C /* Sources */,
				E59556FF206E51E9008D5A3C /* Frameworks */,
				E5955700206E51E9008D5A3C /* Resources */,
				E4C59CE1AB7D1BF3D256BE45 /* [CP] Copy Pods Resources */,
			);
			buildRules = (
			);
			dependencies = (
			);
			name = SelfLearning;
			productName = SelfLearning;
			productReference = E5955702206E51E9008D5A3C /* SelfLearning.app */;
			productType = "com.apple.product-type.application";
		};
		E5955719206E51E9008D5A3C /* SelfLearningTests */ = {
			isa = PBXNativeTarget;
			buildConfigurationList = E5955731206E51E9008D5A3C /* Build configuration list for PBXNativeTarget "SelfLearningTests" */;
			buildPhases = (
				E6DA718B07BFEEFA2901BDCA /* [CP] Check Pods Manifest.lock */,
				E5955716206E51E9008D5A3C /* Sources */,
				E5955717206E51E9008D5A3C /* Frameworks */,
				E5955718206E51E9008D5A3C /* Resources */,
			);
			buildRules = (
			);
			dependencies = (
				E595571C206E51E9008D5A3C /* PBXTargetDependency */,
			);
			name = SelfLearningTests;
			productName = SelfLearningTests;
			productReference = E595571A206E51E9008D5A3C /* SelfLearningTests.xctest */;
			productType = "com.apple.product-type.bundle.unit-test";
		};
		E5955724206E51E9008D5A3C /* SelfLearningUITests */ = {
			isa = PBXNativeTarget;
			buildConfigurationList = E5955734206E51E9008D5A3C /* Build configuration list for PBXNativeTarget "SelfLearningUITests" */;
			buildPhases = (
				4C9AFD8C01A3AFD98AD5BC19 /* [CP] Check Pods Manifest.lock */,
				E5955721206E51E9008D5A3C /* Sources */,
				E5955722206E51E9008D5A3C /* Frameworks */,
				E5955723206E51E9008D5A3C /* Resources */,
			);
			buildRules = (
			);
			dependencies = (
				E5955727206E51E9008D5A3C /* PBXTargetDependency */,
			);
			name = SelfLearningUITests;
			productName = SelfLearningUITests;
			productReference = E5955725206E51E9008D5A3C /* SelfLearningUITests.xctest */;
			productType = "com.apple.product-type.bundle.ui-testing";
		};
/* End PBXNativeTarget section */

/* Begin PBXProject section */
		E59556FA206E51E8008D5A3C /* Project object */ = {
			isa = PBXProject;
			attributes = {
				LastUpgradeCheck = 0920;
				ORGANIZATIONNAME = Kamal;
				TargetAttributes = {
					E5955701206E51E9008D5A3C = {
						CreatedOnToolsVersion = 9.2;
						ProvisioningStyle = Automatic;
						SystemCapabilities = {
							com.apple.ApplePay = {
								enabled = 1;
							};
						};
					};
					E5955719206E51E9008D5A3C = {
						CreatedOnToolsVersion = 9.2;
						ProvisioningStyle = Automatic;
						TestTargetID = E5955701206E51E9008D5A3C;
					};
					E5955724206E51E9008D5A3C = {
						CreatedOnToolsVersion = 9.2;
						ProvisioningStyle = Automatic;
						TestTargetID = E5955701206E51E9008D5A3C;
					};
				};
			};
			buildConfigurationList = E59556FD206E51E8008D5A3C /* Build configuration list for PBXProject "SelfLearning" */;
			compatibilityVersion = "Xcode 8.0";
			developmentRegion = en;
			hasScannedForEncodings = 0;
			knownRegions = (
				en,
				Base,
			);
			mainGroup = E59556F9206E51E8008D5A3C;
			productRefGroup = E5955703206E51E9008D5A3C /* Products */;
			projectDirPath = "";
			projectRoot = "";
			targets = (
				E5955701206E51E9008D5A3C /* SelfLearning */,
				E5955719206E51E9008D5A3C /* SelfLearningTests */,
				E5955724206E51E9008D5A3C /* SelfLearningUITests */,
			);
		};
/* End PBXProject section */

/* Begin PBXResourcesBuildPhase section */
		E5955700206E51E9008D5A3C /* Resources */ = {
			isa = PBXResourcesBuildPhase;
			buildActionMask = 2147483647;
			files = (
				E5955712206E51E9008D5A3C /* LaunchScreen.storyboard in Resources */,
				E53F5B142080A03B00C76D30 /* GoogleService-Info.plist in Resources */,
				E595570F206E51E9008D5A3C /* Assets.xcassets in Resources */,
				E595570D206E51E9008D5A3C /* Main.storyboard in Resources */,
			);
			runOnlyForDeploymentPostprocessing = 0;
		};
		E5955718206E51E9008D5A3C /* Resources */ = {
			isa = PBXResourcesBuildPhase;
			buildActionMask = 2147483647;
			files = (
				E53F5B152080A03B00C76D30 /* GoogleService-Info.plist in Resources */,
			);
			runOnlyForDeploymentPostprocessing = 0;
		};
		E5955723206E51E9008D5A3C /* Resources */ = {
			isa = PBXResourcesBuildPhase;
			buildActionMask = 2147483647;
			files = (
				E53F5B162080A03B00C76D30 /* GoogleService-Info.plist in Resources */,
			);
			runOnlyForDeploymentPostprocessing = 0;
		};
/* End PBXResourcesBuildPhase section */

/* Begin PBXShellScriptBuildPhase section */
		4C9AFD8C01A3AFD98AD5BC19 /* [CP] Check Pods Manifest.lock */ = {
			isa = PBXShellScriptBuildPhase;
			buildActionMask = 2147483647;
			files = (
			);
			inputPaths = (
				"${PODS_PODFILE_DIR_PATH}/Podfile.lock",
				"${PODS_ROOT}/Manifest.lock",
			);
			name = "[CP] Check Pods Manifest.lock";
			outputPaths = (
				"$(DERIVED_FILE_DIR)/Pods-SelfLearningUITests-checkManifestLockResult.txt",
			);
			runOnlyForDeploymentPostprocessing = 0;
			shellPath = /bin/sh;
			shellScript = "diff \"${PODS_PODFILE_DIR_PATH}/Podfile.lock\" \"${PODS_ROOT}/Manifest.lock\" > /dev/null\nif [ $? != 0 ] ; then\n    # print error to STDERR\n    echo \"error: The sandbox is not in sync with the Podfile.lock. Run 'pod install' or update your CocoaPods installation.\" >&2\n    exit 1\nfi\n# This output is used by Xcode 'outputs' to avoid re-running this script phase.\necho \"SUCCESS\" > \"${SCRIPT_OUTPUT_FILE_0}\"\n";
			showEnvVarsInLog = 0;
		};
		639F954781415BA9095912A3 /* [CP] Check Pods Manifest.lock */ = {
			isa = PBXShellScriptBuildPhase;
			buildActionMask = 2147483647;
			files = (
			);
			inputPaths = (
				"${PODS_PODFILE_DIR_PATH}/Podfile.lock",
				"${PODS_ROOT}/Manifest.lock",
			);
			name = "[CP] Check Pods Manifest.lock";
			outputPaths = (
				"$(DERIVED_FILE_DIR)/Pods-SelfLearning-checkManifestLockResult.txt",
			);
			runOnlyForDeploymentPostprocessing = 0;
			shellPath = /bin/sh;
			shellScript = "diff \"${PODS_PODFILE_DIR_PATH}/Podfile.lock\" \"${PODS_ROOT}/Manifest.lock\" > /dev/null\nif [ $? != 0 ] ; then\n    # print error to STDERR\n    echo \"error: The sandbox is not in sync with the Podfile.lock. Run 'pod install' or update your CocoaPods installation.\" >&2\n    exit 1\nfi\n# This output is used by Xcode 'outputs' to avoid re-running this script phase.\necho \"SUCCESS\" > \"${SCRIPT_OUTPUT_FILE_0}\"\n";
			showEnvVarsInLog = 0;
		};
		E4C59CE1AB7D1BF3D256BE45 /* [CP] Copy Pods Resources */ = {
			isa = PBXShellScriptBuildPhase;
			buildActionMask = 2147483647;
			files = (
			);
			inputPaths = (
				"${SRCROOT}/Pods/Target Support Files/Pods-SelfLearning/Pods-SelfLearning-resources.sh",
				"${PODS_CONFIGURATION_BUILD_DIR}/Braintree/Braintree-UI-Localization.bundle",
				"${PODS_CONFIGURATION_BUILD_DIR}/Braintree/Braintree-Drop-In-Localization.bundle",
				"${PODS_CONFIGURATION_BUILD_DIR}/BraintreeDropIn/Braintree-UIKit-Localization.bundle",
			);
			name = "[CP] Copy Pods Resources";
			outputPaths = (
				"${TARGET_BUILD_DIR}/${UNLOCALIZED_RESOURCES_FOLDER_PATH}/Braintree-UI-Localization.bundle",
				"${TARGET_BUILD_DIR}/${UNLOCALIZED_RESOURCES_FOLDER_PATH}/Braintree-Drop-In-Localization.bundle",
				"${TARGET_BUILD_DIR}/${UNLOCALIZED_RESOURCES_FOLDER_PATH}/Braintree-UIKit-Localization.bundle",
			);
			runOnlyForDeploymentPostprocessing = 0;
			shellPath = /bin/sh;
			shellScript = "\"${SRCROOT}/Pods/Target Support Files/Pods-SelfLearning/Pods-SelfLearning-resources.sh\"\n";
			showEnvVarsInLog = 0;
		};
		E6DA718B07BFEEFA2901BDCA /* [CP] Check Pods Manifest.lock */ = {
			isa = PBXShellScriptBuildPhase;
			buildActionMask = 2147483647;
			files = (
			);
			inputPaths = (
				"${PODS_PODFILE_DIR_PATH}/Podfile.lock",
				"${PODS_ROOT}/Manifest.lock",
			);
			name = "[CP] Check Pods Manifest.lock";
			outputPaths = (
				"$(DERIVED_FILE_DIR)/Pods-SelfLearningTests-checkManifestLockResult.txt",
			);
			runOnlyForDeploymentPostprocessing = 0;
			shellPath = /bin/sh;
			shellScript = "diff \"${PODS_PODFILE_DIR_PATH}/Podfile.lock\" \"${PODS_ROOT}/Manifest.lock\" > /dev/null\nif [ $? != 0 ] ; then\n    # print error to STDERR\n    echo \"error: The sandbox is not in sync with the Podfile.lock. Run 'pod install' or update your CocoaPods installation.\" >&2\n    exit 1\nfi\n# This output is used by Xcode 'outputs' to avoid re-running this script phase.\necho \"SUCCESS\" > \"${SCRIPT_OUTPUT_FILE_0}\"\n";
			showEnvVarsInLog = 0;
		};
/* End PBXShellScriptBuildPhase section */

/* Begin PBXSourcesBuildPhase section */
		E59556FE206E51E9008D5A3C /* Sources */ = {
			isa = PBXSourcesBuildPhase;
			buildActionMask = 2147483647;
			files = (
				8AB419DF21B669F6008E8B15 /* RSA.m in Sources */,
				E595570A206E51E9008D5A3C /* ViewController.m in Sources */,
				E5955715206E51E9008D5A3C /* main.m in Sources */,
				8AA7B0C420EDD3090032C746 /* SecurityViewController.m in Sources */,
				8A2E2CCA2150A86D00F4D5D3 /* PaymentViewController.m in Sources */,
				8A4861052070E2AE00CB9E8F /* ContactsTableViewController.m in Sources */,
				8A64085620AAB0220056736B /* APIViewController.m in Sources */,
				E5DE2FB7207C928700222464 /* YapdbVC.m in Sources */,
				8A48610A2071291600CB9E8F /* ABFContactViewController.m in Sources */,
				8A4861022070E1AA00CB9E8F /* ContactMainViewController.m in Sources */,
				E5955707206E51E9008D5A3C /* AppDelegate.m in Sources */,
				E5462C282085F2C800A81DD5 /* ProtobufMain.m in Sources */,
				E5462C312085FEF800A81DD5 /* Profiles.pbobjc.m in Sources */,
				8AB419DC21B5175D008E8B15 /* Encryptor.m in Sources */,
			);
			runOnlyForDeploymentPostprocessing = 0;
		};
		E5955716206E51E9008D5A3C /* Sources */ = {
			isa = PBXSourcesBuildPhase;
			buildActionMask = 2147483647;
			files = (
				E595571F206E51E9008D5A3C /* SelfLearningTests.m in Sources */,
			);
			runOnlyForDeploymentPostprocessing = 0;
		};
		E5955721206E51E9008D5A3C /* Sources */ = {
			isa = PBXSourcesBuildPhase;
			buildActionMask = 2147483647;
			files = (
				E595572A206E51E9008D5A3C /* SelfLearningUITests.m in Sources */,
			);
			runOnlyForDeploymentPostprocessing = 0;
		};
/* End PBXSourcesBuildPhase section */

/* Begin PBXTargetDependency section */
		E595571C206E51E9008D5A3C /* PBXTargetDependency */ = {
			isa = PBXTargetDependency;
			target = E5955701206E51E9008D5A3C /* SelfLearning */;
			targetProxy = E595571B206E51E9008D5A3C /* PBXContainerItemProxy */;
		};
		E5955727206E51E9008D5A3C /* PBXTargetDependency */ = {
			isa = PBXTargetDependency;
			target = E5955701206E51E9008D5A3C /* SelfLearning */;
			targetProxy = E5955726206E51E9008D5A3C /* PBXContainerItemProxy */;
		};
/* End PBXTargetDependency section */

/* Begin PBXVariantGroup section */
		E595570B206E51E9008D5A3C /* Main.storyboard */ = {
			isa = PBXVariantGroup;
			children = (
				E595570C206E51E9008D5A3C /* Base */,
			);
			name = Main.storyboard;
			sourceTree = "<group>";
		};
		E5955710206E51E9008D5A3C /* LaunchScreen.storyboard */ = {
			isa = PBXVariantGroup;
			children = (
				E5955711206E51E9008D5A3C /* Base */,
			);
			name = LaunchScreen.storyboard;
			sourceTree = "<group>";
		};
/* End PBXVariantGroup section */

/* Begin XCBuildConfiguration section */
		E595572C206E51E9008D5A3C /* Debug */ = {
			isa = XCBuildConfiguration;
			buildSettings = {
				ALWAYS_SEARCH_USER_PATHS = NO;
				CLANG_ANALYZER_NONNULL = YES;
				CLANG_ANALYZER_NUMBER_OBJECT_CONVERSION = YES_AGGRESSIVE;
				CLANG_CXX_LANGUAGE_STANDARD = "gnu++14";
				CLANG_CXX_LIBRARY = "libc++";
				CLANG_ENABLE_MODULES = YES;
				CLANG_ENABLE_OBJC_ARC = YES;
				CLANG_WARN_BLOCK_CAPTURE_AUTORELEASING = YES;
				CLANG_WARN_BOOL_CONVERSION = YES;
				CLANG_WARN_COMMA = YES;
				CLANG_WARN_CONSTANT_CONVERSION = YES;
				CLANG_WARN_DIRECT_OBJC_ISA_USAGE = YES_ERROR;
				CLANG_WARN_DOCUMENTATION_COMMENTS = YES;
				CLANG_WARN_EMPTY_BODY = YES;
				CLANG_WARN_ENUM_CONVERSION = YES;
				CLANG_WARN_INFINITE_RECURSION = YES;
				CLANG_WARN_INT_CONVERSION = YES;
				CLANG_WARN_NON_LITERAL_NULL_CONVERSION = YES;
				CLANG_WARN_OBJC_LITERAL_CONVERSION = YES;
				CLANG_WARN_OBJC_ROOT_CLASS = YES_ERROR;
				CLANG_WARN_RANGE_LOOP_ANALYSIS = YES;
				CLANG_WARN_STRICT_PROTOTYPES = YES;
				CLANG_WARN_SUSPICIOUS_MOVE = YES;
				CLANG_WARN_UNGUARDED_AVAILABILITY = YES_AGGRESSIVE;
				CLANG_WARN_UNREACHABLE_CODE = YES;
				CLANG_WARN__DUPLICATE_METHOD_MATCH = YES;
				CODE_SIGN_IDENTITY = "iPhone Developer";
				COPY_PHASE_STRIP = NO;
				DEBUG_INFORMATION_FORMAT = dwarf;
				ENABLE_STRICT_OBJC_MSGSEND = YES;
				ENABLE_TESTABILITY = YES;
				GCC_C_LANGUAGE_STANDARD = gnu11;
				GCC_DYNAMIC_NO_PIC = NO;
				GCC_NO_COMMON_BLOCKS = YES;
				GCC_OPTIMIZATION_LEVEL = 0;
				GCC_PREPROCESSOR_DEFINITIONS = (
					"DEBUG=1",
					"$(inherited)",
				);
				GCC_WARN_64_TO_32_BIT_CONVERSION = YES;
				GCC_WARN_ABOUT_RETURN_TYPE = YES_ERROR;
				GCC_WARN_UNDECLARED_SELECTOR = YES;
				GCC_WARN_UNINITIALIZED_AUTOS = YES_AGGRESSIVE;
				GCC_WARN_UNUSED_FUNCTION = YES;
				GCC_WARN_UNUSED_VARIABLE = YES;
				IPHONEOS_DEPLOYMENT_TARGET = 11.2;
				MTL_ENABLE_DEBUG_INFO = YES;
				ONLY_ACTIVE_ARCH = YES;
				SDKROOT = iphoneos;
			};
			name = Debug;
		};
		E595572D206E51E9008D5A3C /* Release */ = {
			isa = XCBuildConfiguration;
			buildSettings = {
				ALWAYS_SEARCH_USER_PATHS = NO;
				CLANG_ANALYZER_NONNULL = YES;
				CLANG_ANALYZER_NUMBER_OBJECT_CONVERSION = YES_AGGRESSIVE;
				CLANG_CXX_LANGUAGE_STANDARD = "gnu++14";
				CLANG_CXX_LIBRARY = "libc++";
				CLANG_ENABLE_MODULES = YES;
				CLANG_ENABLE_OBJC_ARC = YES;
				CLANG_WARN_BLOCK_CAPTURE_AUTORELEASING = YES;
				CLANG_WARN_BOOL_CONVERSION = YES;
				CLANG_WARN_COMMA = YES;
				CLANG_WARN_CONSTANT_CONVERSION = YES;
				CLANG_WARN_DIRECT_OBJC_ISA_USAGE = YES_ERROR;
				CLANG_WARN_DOCUMENTATION_COMMENTS = YES;
				CLANG_WARN_EMPTY_BODY = YES;
				CLANG_WARN_ENUM_CONVERSION = YES;
				CLANG_WARN_INFINITE_RECURSION = YES;
				CLANG_WARN_INT_CONVERSION = YES;
				CLANG_WARN_NON_LITERAL_NULL_CONVERSION = YES;
				CLANG_WARN_OBJC_LITERAL_CONVERSION = YES;
				CLANG_WARN_OBJC_ROOT_CLASS = YES_ERROR;
				CLANG_WARN_RANGE_LOOP_ANALYSIS = YES;
				CLANG_WARN_STRICT_PROTOTYPES = YES;
				CLANG_WARN_SUSPICIOUS_MOVE = YES;
				CLANG_WARN_UNGUARDED_AVAILABILITY = YES_AGGRESSIVE;
				CLANG_WARN_UNREACHABLE_CODE = YES;
				CLANG_WARN__DUPLICATE_METHOD_MATCH = YES;
				CODE_SIGN_IDENTITY = "iPhone Developer";
				COPY_PHASE_STRIP = NO;
				DEBUG_INFORMATION_FORMAT = "dwarf-with-dsym";
				ENABLE_NS_ASSERTIONS = NO;
				ENABLE_STRICT_OBJC_MSGSEND = YES;
				GCC_C_LANGUAGE_STANDARD = gnu11;
				GCC_NO_COMMON_BLOCKS = YES;
				GCC_WARN_64_TO_32_BIT_CONVERSION = YES;
				GCC_WARN_ABOUT_RETURN_TYPE = YES_ERROR;
				GCC_WARN_UNDECLARED_SELECTOR = YES;
				GCC_WARN_UNINITIALIZED_AUTOS = YES_AGGRESSIVE;
				GCC_WARN_UNUSED_FUNCTION = YES;
				GCC_WARN_UNUSED_VARIABLE = YES;
				IPHONEOS_DEPLOYMENT_TARGET = 11.2;
				MTL_ENABLE_DEBUG_INFO = NO;
				SDKROOT = iphoneos;
				VALIDATE_PRODUCT = YES;
			};
			name = Release;
		};
		E595572F206E51E9008D5A3C /* Debug */ = {
			isa = XCBuildConfiguration;
			baseConfigurationReference = B2817FD926DE763312275449 /* Pods-SelfLearning.debug.xcconfig */;
			buildSettings = {
				ASSETCATALOG_COMPILER_APPICON_NAME = AppIcon;
				CODE_SIGN_ENTITLEMENTS = SelfLearning/SelfLearning.entitlements;
				CODE_SIGN_IDENTITY = "iPhone Developer";
				CODE_SIGN_STYLE = Automatic;
				DEVELOPMENT_TEAM = "";
				INFOPLIST_FILE = SelfLearning/Info.plist;
				IPHONEOS_DEPLOYMENT_TARGET = 11.2;
				LD_RUNPATH_SEARCH_PATHS = "$(inherited) @executable_path/Frameworks";
				PRODUCT_BUNDLE_IDENTIFIER = com.Kamal.SelfLearning;
				PRODUCT_NAME = "$(TARGET_NAME)";
				PROVISIONING_PROFILE_SPECIFIER = "";
				TARGETED_DEVICE_FAMILY = "1,2";
			};
			name = Debug;
		};
		E5955730206E51E9008D5A3C /* Release */ = {
			isa = XCBuildConfiguration;
			baseConfigurationReference = 3C5951CB31DB3D1806053F17 /* Pods-SelfLearning.release.xcconfig */;
			buildSettings = {
				ASSETCATALOG_COMPILER_APPICON_NAME = AppIcon;
				CODE_SIGN_ENTITLEMENTS = SelfLearning/SelfLearning.entitlements;
				CODE_SIGN_IDENTITY = "iPhone Developer";
				CODE_SIGN_STYLE = Automatic;
				DEVELOPMENT_TEAM = "";
				INFOPLIST_FILE = SelfLearning/Info.plist;
				IPHONEOS_DEPLOYMENT_TARGET = 11.2;
				LD_RUNPATH_SEARCH_PATHS = "$(inherited) @executable_path/Frameworks";
				PRODUCT_BUNDLE_IDENTIFIER = com.Kamal.SelfLearning;
				PRODUCT_NAME = "$(TARGET_NAME)";
				PROVISIONING_PROFILE_SPECIFIER = "";
				TARGETED_DEVICE_FAMILY = "1,2";
			};
			name = Release;
		};
		E5955732206E51E9008D5A3C /* Debug */ = {
			isa = XCBuildConfiguration;
			baseConfigurationReference = E6050F92C961EEF7DA7B2F9F /* Pods-SelfLearningTests.debug.xcconfig */;
			buildSettings = {
				BUNDLE_LOADER = "$(TEST_HOST)";
				CODE_SIGN_STYLE = Automatic;
				INFOPLIST_FILE = SelfLearningTests/Info.plist;
				LD_RUNPATH_SEARCH_PATHS = "$(inherited) @executable_path/Frameworks @loader_path/Frameworks";
				PRODUCT_BUNDLE_IDENTIFIER = com.Kamal.SelfLearningTests;
				PRODUCT_NAME = "$(TARGET_NAME)";
				TARGETED_DEVICE_FAMILY = "1,2";
				TEST_HOST = "$(BUILT_PRODUCTS_DIR)/SelfLearning.app/SelfLearning";
			};
			name = Debug;
		};
		E5955733206E51E9008D5A3C /* Release */ = {
			isa = XCBuildConfiguration;
			baseConfigurationReference = 59B537A1C12B65BE473FB9CD /* Pods-SelfLearningTests.release.xcconfig */;
			buildSettings = {
				BUNDLE_LOADER = "$(TEST_HOST)";
				CODE_SIGN_STYLE = Automatic;
				INFOPLIST_FILE = SelfLearningTests/Info.plist;
				LD_RUNPATH_SEARCH_PATHS = "$(inherited) @executable_path/Frameworks @loader_path/Frameworks";
				PRODUCT_BUNDLE_IDENTIFIER = com.Kamal.SelfLearningTests;
				PRODUCT_NAME = "$(TARGET_NAME)";
				TARGETED_DEVICE_FAMILY = "1,2";
				TEST_HOST = "$(BUILT_PRODUCTS_DIR)/SelfLearning.app/SelfLearning";
			};
			name = Release;
		};
		E5955735206E51E9008D5A3C /* Debug */ = {
			isa = XCBuildConfiguration;
			baseConfigurationReference = 7CD1CFB638DCB8BB44D8BD96 /* Pods-SelfLearningUITests.debug.xcconfig */;
			buildSettings = {
				CODE_SIGN_STYLE = Automatic;
				INFOPLIST_FILE = SelfLearningUITests/Info.plist;
				LD_RUNPATH_SEARCH_PATHS = "$(inherited) @executable_path/Frameworks @loader_path/Frameworks";
				PRODUCT_BUNDLE_IDENTIFIER = com.Kamal.SelfLearningUITests;
				PRODUCT_NAME = "$(TARGET_NAME)";
				TARGETED_DEVICE_FAMILY = "1,2";
				TEST_TARGET_NAME = SelfLearning;
			};
			name = Debug;
		};
		E5955736206E51E9008D5A3C /* Release */ = {
			isa = XCBuildConfiguration;
			baseConfigurationReference = BD20EF0889564143FA38E38A /* Pods-SelfLearningUITests.release.xcconfig */;
			buildSettings = {
				CODE_SIGN_STYLE = Automatic;
				INFOPLIST_FILE = SelfLearningUITests/Info.plist;
				LD_RUNPATH_SEARCH_PATHS = "$(inherited) @executable_path/Frameworks @loader_path/Frameworks";
				PRODUCT_BUNDLE_IDENTIFIER = com.Kamal.SelfLearningUITests;
				PRODUCT_NAME = "$(TARGET_NAME)";
				TARGETED_DEVICE_FAMILY = "1,2";
				TEST_TARGET_NAME = SelfLearning;
			};
			name = Release;
		};
/* End XCBuildConfiguration section */

/* Begin XCConfigurationList section */
		E59556FD206E51E8008D5A3C /* Build configuration list for PBXProject "SelfLearning" */ = {
			isa = XCConfigurationList;
			buildConfigurations = (
				E595572C206E51E9008D5A3C /* Debug */,
				E595572D206E51E9008D5A3C /* Release */,
			);
			defaultConfigurationIsVisible = 0;
			defaultConfigurationName = Release;
		};
		E595572E206E51E9008D5A3C /* Build configuration list for PBXNativeTarget "SelfLearning" */ = {
			isa = XCConfigurationList;
			buildConfigurations = (
				E595572F206E51E9008D5A3C /* Debug */,
				E5955730206E51E9008D5A3C /* Release */,
			);
			defaultConfigurationIsVisible = 0;
			defaultConfigurationName = Release;
		};
		E5955731206E51E9008D5A3C /* Build configuration list for PBXNativeTarget "SelfLearningTests" */ = {
			isa = XCConfigurationList;
			buildConfigurations = (
				E5955732206E51E9008D5A3C /* Debug */,
				E5955733206E51E9008D5A3C /* Release */,
			);
			defaultConfigurationIsVisible = 0;
			defaultConfigurationName = Release;
		};
		E5955734206E51E9008D5A3C /* Build configuration list for PBXNativeTarget "SelfLearningUITests" */ = {
			isa = XCConfigurationList;
			buildConfigurations = (
				E5955735206E51E9008D5A3C /* Debug */,
				E5955736206E51E9008D5A3C /* Release */,
			);
			defaultConfigurationIsVisible = 0;
			defaultConfigurationName = Release;
		};
/* End XCConfigurationList section */
	};
	rootObject = E59556FA206E51E8008D5A3C /* Project object */;
}
